
Microsoft Visual Studio Solution File, Format Version 12.00
# Visual Studio 15
VisualStudioVersion = 15.0.28010.2003
MinimumVisualStudioVersion = 10.0.40219.1
Project("{9A19103F-16F7-4668-BE54-9A1E7A4F7556}") = "SSMVCCoreApp", "SSMVCCoreApp\SSMVCCoreApp.csproj", "{A2DC5323-600D-48A4-BA61-D479707555EB}"
EndProject
Project("{2150E333-8FDC-42A3-9474-1A3956D46DE8}") = "Solution Items", "Solution Items", "{C1B45640-2613-4630-BA8A-E0441064D79C}"
	ProjectSection(SolutionItems) = preProject
		Instructions.txt = Instructions.txt
	EndProjectSection
EndProject
Global
	GlobalSection(SolutionConfigurationPlatforms) = preSolution
		Debug|Any CPU = Debug|Any CPU
		Release|Any CPU = Release|Any CPU
	EndGlobalSection
	GlobalSection(ProjectConfigurationPlatforms) = postSolution
		{A2DC5323-600D-48A4-BA61-D479707555EB}.Debug|Any CPU.ActiveCfg = Debug|Any CPU
		{A2DC5323-600D-48A4-BA61-D479707555EB}.Debug|Any CPU.Build.0 = Debug|Any CPU
		{A2DC5323-600D-48A4-BA61-D479707555EB}.Release|Any CPU.ActiveCfg = Release|Any CPU
		{A2DC5323-600D-48A4-BA61-D479707555EB}.Release|Any CPU.Build.0 = Release|Any CPU
	EndGlobalSection
	GlobalSection(SolutionProperties) = preSolution
		HideSolutionNode = FALSE
	EndGlobalSection
	GlobalSection(ExtensibilityGlobals) = postSolution
		SolutionGuid = {9C6BE961-041B-4306-9A96-F68F452291C4}
	EndGlobalSection
EndGlobal
